
Microsoft Visual Studio Solution File, Format Version 12.00
# Visual Studio Version 17
VisualStudioVersion = 17.10.35027.167
MinimumVisualStudioVersion = 10.0.40219.1
Project("{FAE04EC0-301F-11D3-BF4B-00C04F79EFBC}") = "TelegaBotN6", "TelegaBotN6\TelegaBotN6.csproj", "{9A1174B9-A846-403B-B945-9F89A64B1712}"
EndProject
Global
	GlobalSection(SolutionConfigurationPlatforms) = preSolution
		Debug|Any CPU = Debug|Any CPU
		Release|Any CPU = Release|Any CPU
	EndGlobalSection
	GlobalSection(ProjectConfigurationPlatforms) = postSolution
		{9A1174B9-A846-403B-B945-9F89A64B1712}.Debug|Any CPU.ActiveCfg = Debug|Any CPU
		{9A1174B9-A846-403B-B945-9F89A64B1712}.Debug|Any CPU.Build.0 = Debug|Any CPU
		{9A1174B9-A846-403B-B945-9F89A64B1712}.Release|Any CPU.ActiveCfg = Release|Any CPU
		{9A1174B9-A846-403B-B945-9F89A64B1712}.Release|Any CPU.Build.0 = Release|Any CPU
	EndGlobalSection
	GlobalSection(SolutionProperties) = preSolution
		HideSolutionNode = FALSE
	EndGlobalSection
	GlobalSection(ExtensibilityGlobals) = postSolution
		SolutionGuid = {1B29B776-EE76-44F3-9EC1-D154BD3B2E9A}
	EndGlobalSection
EndGlobal
